<?xml version="1.0" encoding="utf-8"?>
<Project ToolsVersion="4.0" xmlns="http://schemas.microsoft.com/developer/msbuild/2003">
  <ItemGroup>
    <Filter Include="Source">
      <UniqueIdentifier>{53145cd3-aa44-4015-b00b-917b812f24b6}</UniqueIdentifier>
    </Filter>
    <Filter Include="3rdParty">
      <UniqueIdentifier>{e4415d8f-511b-487f-8673-dc6be6f9fef3}</UniqueIdentifier>
    </Filter>
    <Filter Include="Source\Behaviors">
      <UniqueIdentifier>{f1d24ab6-97a3-4954-92a0-192a005adaf3}</UniqueIdentifier>
    </Filter>
    <Filter Include="Source\Components">
      <UniqueIdentifier>{1bae0724-33fb-473c-a5c9-fbd64403b282}</UniqueIdentifier>
    </Filter>
    <Filter Include="Source\Core">
      <UniqueIdentifier>{92418f27-8df7-4d4c-8e6e-6f29c4199572}</UniqueIdentifier>
    </Filter>
    <Filter Include="Source\Graphics">
      <UniqueIdentifier>{079526f4-8b2e-46de-886e-24eadae596cc}</UniqueIdentifier>
    </Filter>
    <Filter Include="Source\Math">
      <UniqueIdentifier>{f4b4bdd5-8994-442c-8f46-575ac193e43c}</UniqueIdentifier>
    </Filter>
    <Filter Include="Source\Misc">
      <UniqueIdentifier>{c8638d57-2ba7-4acc-b2f1-85d75cb97470}</UniqueIdentifier>
    </Filter>
    <Filter Include="Source\Entities">
      <UniqueIdentifier>{6ba6d7d2-4245-4910-b5db-1085bee33925}</UniqueIdentifier>
    </Filter>
    <Filter Include="Source\Tests">
      <UniqueIdentifier>{344811c4-1bf8-47bc-b46e-f3c25b3b73ad}</UniqueIdentifier>
    </Filter>
    <Filter Include="Source\Attributes">
      <UniqueIdentifier>{193eb7c2-d057-4a2f-ba26-ab9428e9e728}</UniqueIdentifier>
    </Filter>
    <Filter Include="Source\Communication">
      <UniqueIdentifier>{77bdc192-ae4b-45a3-9f3d-f0874a7870d9}</UniqueIdentifier>
    </Filter>
    <Filter Include="Source\Scripting">
      <UniqueIdentifier>{339fca49-afb3-4ab6-85da-0c6166dfa15c}</UniqueIdentifier>
    </Filter>
    <Filter Include="Source\AI">
      <UniqueIdentifier>{4f952ff0-d6f7-4af6-a59c-4a762233773f}</UniqueIdentifier>
    </Filter>
  </ItemGroup>
  <ItemGroup>
    <ClInclude Include="Source\Misc\SQLiteEntity.h">
      <Filter>Source\Misc</Filter>
    </ClInclude>
    <ClInclude Include="3rdParty\duktape\duktape.h">
      <Filter>3rdParty</Filter>
    </ClInclude>
    <ClInclude Include="3rdParty\duktape\duk_config.h">
      <Filter>3rdParty</Filter>
    </ClInclude>
    <ClInclude Include="3rdParty\smartptr\ofxSmartPointer.h">
      <Filter>3rdParty</Filter>
    </ClInclude>
    <ClInclude Include="3rdParty\sqlite\ofxSQLite.h">
      <Filter>3rdParty</Filter>
    </ClInclude>
    <ClInclude Include="3rdParty\sqlite\sqlite3.h">
      <Filter>3rdParty</Filter>
    </ClInclude>
    <ClInclude Include="3rdParty\xml\ofxXmlSettings.h">
      <Filter>3rdParty</Filter>
    </ClInclude>
    <ClInclude Include="3rdParty\xml\tinyxml.h">
      <Filter>3rdParty</Filter>
    </ClInclude>
    <ClInclude Include="3rdParty\catch\catch.hpp">
      <Filter>3rdParty</Filter>
    </ClInclude>
    <ClInclude Include="3rdParty\dukbind\dukbind.h">
      <Filter>3rdParty</Filter>
    </ClInclude>
    <ClInclude Include="3rdParty\dukbind\dukbindconf.h">
      <Filter>3rdParty</Filter>
    </ClInclude>
    <ClInclude Include="3rdParty\dukbind\dukbind_assert.h">
      <Filter>3rdParty</Filter>
    </ClInclude>
    <ClInclude Include="3rdParty\dukbind\dukbind_binding_info.h">
      <Filter>3rdParty</Filter>
    </ClInclude>
    <ClInclude Include="3rdParty\dukbind\dukbind_debug.h">
      <Filter>3rdParty</Filter>
    </ClInclude>
    <ClInclude Include="3rdParty\dukbind\dukbind_glue.h">
      <Filter>3rdParty</Filter>
    </ClInclude>
    <ClInclude Include="3rdParty\dukbind\dukbind_helpers.h">
      <Filter>3rdParty</Filter>
    </ClInclude>
    <ClInclude Include="3rdParty\dukbind\dukbind_identifier.h">
      <Filter>3rdParty</Filter>
    </ClInclude>
    <ClInclude Include="3rdParty\dukbind\dukbind_private.h">
      <Filter>3rdParty</Filter>
    </ClInclude>
    <ClInclude Include="3rdParty\dukbind\dukbind_proxy_function.h">
      <Filter>3rdParty</Filter>
    </ClInclude>
    <ClInclude Include="3rdParty\dukbind\dukbind_rtti.h">
      <Filter>3rdParty</Filter>
    </ClInclude>
    <ClInclude Include="3rdParty\dukbind\dukbind_std.h">
      <Filter>3rdParty</Filter>
    </ClInclude>
    <ClInclude Include="3rdParty\dukbind\dukbind_validation.h">
      <Filter>3rdParty</Filter>
    </ClInclude>
    <ClInclude Include="Source\Behaviors\Button.h">
      <Filter>Source\Behaviors</Filter>
    </ClInclude>
    <ClInclude Include="Source\Behaviors\DelayAction.h">
      <Filter>Source\Behaviors</Filter>
    </ClInclude>
    <ClInclude Include="Source\Behaviors\DelayRemove.h">
      <Filter>Source\Behaviors</Filter>
    </ClInclude>
    <ClInclude Include="Source\Behaviors\HitEvent.h">
      <Filter>Source\Behaviors</Filter>
    </ClInclude>
    <ClInclude Include="Source\Behaviors\InputKey.h">
      <Filter>Source\Behaviors</Filter>
    </ClInclude>
    <ClInclude Include="Source\Behaviors\Move.h">
      <Filter>Source\Behaviors</Filter>
    </ClInclude>
    <ClInclude Include="Source\Behaviors\MultiAnim.h">
      <Filter>Source\Behaviors</Filter>
    </ClInclude>
    <ClInclude Include="Source\Behaviors\TransformAnim.h">
      <Filter>Source\Behaviors</Filter>
    </ClInclude>
    <ClInclude Include="Source\Behaviors\Tween.h">
      <Filter>Source\Behaviors</Filter>
    </ClInclude>
    <ClInclude Include="Source\Components\Environment.h">
      <Filter>Source\Components</Filter>
    </ClInclude>
    <ClInclude Include="Source\Components\Renderer.h">
      <Filter>Source\Components</Filter>
    </ClInclude>
    <ClInclude Include="Source\Core\Error.h">
      <Filter>Source\Core</Filter>
    </ClInclude>
    <ClInclude Include="Source\Core\Facade.h">
      <Filter>Source\Core</Filter>
    </ClInclude>
    <ClInclude Include="Source\Components\ResourceCache.h">
      <Filter>Source\Components</Filter>
    </ClInclude>
    <ClInclude Include="Source\Components\Logger.h">
      <Filter>Source\Components</Filter>
    </ClInclude>
    <ClInclude Include="Source\Core\TransformMath.h">
      <Filter>Source\Core</Filter>
    </ClInclude>
    <ClInclude Include="Source\Core\NodeBuilder.h">
      <Filter>Source\Core</Filter>
    </ClInclude>
    <ClInclude Include="Source\Core\EntityStorage.h">
      <Filter>Source\Core</Filter>
    </ClInclude>
    <ClInclude Include="Source\Behaviors\FloatingScene.h">
      <Filter>Source\Behaviors</Filter>
    </ClInclude>
    <ClInclude Include="Source\Tests\TransformTest.h">
      <Filter>Source\Tests</Filter>
    </ClInclude>
    <ClInclude Include="Source\Tests\FlagsTest.h">
      <Filter>Source\Tests</Filter>
    </ClInclude>
    <ClInclude Include="Source\Components\InputHandler.h">
      <Filter>Source\Components</Filter>
    </ClInclude>
    <ClInclude Include="Source\Core\Definitions.h">
      <Filter>Source\Core</Filter>
    </ClInclude>
    <ClInclude Include="Source\ofxCogCommon.h">
      <Filter>Source</Filter>
    </ClInclude>
    <ClInclude Include="Source\ofxCogMain.h">
      <Filter>Source</Filter>
    </ClInclude>
    <ClInclude Include="3rdParty\cpplinq\cpplinq.hpp">
      <Filter>3rdParty</Filter>
    </ClInclude>
    <ClInclude Include="Source\Core\Component.h">
      <Filter>Source\Components</Filter>
    </ClInclude>
    <ClInclude Include="Source\Math\AStarSearch.h">
      <Filter>Source\Math</Filter>
    </ClInclude>
    <ClInclude Include="Source\Graphics\SpriteSheetRenderer.h">
      <Filter>Source\Graphics</Filter>
    </ClInclude>
    <ClInclude Include="Source\Misc\Utils.h">
      <Filter>Source\Misc</Filter>
    </ClInclude>
    <ClInclude Include="Source\Graphics\MapLoader.h">
      <Filter>Source\Graphics</Filter>
    </ClInclude>
    <ClInclude Include="Source\Graphics\Sprite.h">
      <Filter>Source\Graphics</Filter>
    </ClInclude>
    <ClInclude Include="Source\Graphics\SpriteSet.h">
      <Filter>Source\Graphics</Filter>
    </ClInclude>
    <ClInclude Include="Source\Graphics\SpriteSheet.h">
      <Filter>Source\Graphics</Filter>
    </ClInclude>
    <ClInclude Include="Source\Core\Msg.h">
      <Filter>Source\Core</Filter>
    </ClInclude>
    <ClInclude Include="Source\Tests\SettingsTest.h">
      <Filter>Source\Tests</Filter>
    </ClInclude>
    <ClInclude Include="Source\Entities\TransformEnt.h">
      <Filter>Source\Entities</Filter>
    </ClInclude>
    <ClInclude Include="Source\Entities\DEntity.h">
      <Filter>Source\Entities</Filter>
    </ClInclude>
    <ClInclude Include="Source\Attributes\Shape.h">
      <Filter>Source\Attributes</Filter>
    </ClInclude>
    <ClInclude Include="Source\Core\InputAct.h">
      <Filter>Source\Core</Filter>
    </ClInclude>
    <ClInclude Include="Source\Core\Settings.h">
      <Filter>Source\Core</Filter>
    </ClInclude>
    <ClInclude Include="Source\Core\Attr.h">
      <Filter>Source\Core</Filter>
    </ClInclude>
    <ClInclude Include="Source\Entities\LayerEnt.h">
      <Filter>Source\Entities</Filter>
    </ClInclude>
    <ClInclude Include="Source\Components\SceneSwitchManager.h">
      <Filter>Source\Components</Filter>
    </ClInclude>
    <ClInclude Include="Source\Tests\SQLTest.h">
      <Filter>Source\Tests</Filter>
    </ClInclude>
    <ClInclude Include="Source\Entities\BehaviorEnt.h">
      <Filter>Source\Entities</Filter>
    </ClInclude>
    <ClInclude Include="Source\Components\Stage.h">
      <Filter>Source\Components</Filter>
    </ClInclude>
    <ClInclude Include="3rdParty\network\ofxTCPManager.h">
      <Filter>3rdParty</Filter>
    </ClInclude>
    <ClInclude Include="3rdParty\network\ofxTCPServer.h">
      <Filter>3rdParty</Filter>
    </ClInclude>
    <ClInclude Include="3rdParty\network\ofxUDPManager.h">
      <Filter>3rdParty</Filter>
    </ClInclude>
    <ClInclude Include="3rdParty\network\ofxNetwork.h">
      <Filter>3rdParty</Filter>
    </ClInclude>
    <ClInclude Include="3rdParty\network\ofxNetworkUtils.h">
      <Filter>3rdParty</Filter>
    </ClInclude>
    <ClInclude Include="3rdParty\network\ofxTCPClient.h">
      <Filter>3rdParty</Filter>
    </ClInclude>
    <ClInclude Include="Source\Components\CogDatabase.h">
      <Filter>Source\Components</Filter>
    </ClInclude>
    <ClInclude Include="Source\Misc\TimeMeasure.h">
      <Filter>Source\Misc</Filter>
    </ClInclude>
    <ClInclude Include="Source\Tests\MeasureTest.h">
      <Filter>Source\Tests</Filter>
    </ClInclude>
    <ClInclude Include="Source\Tests\EngineTest.h">
      <Filter>Source\Tests</Filter>
    </ClInclude>
    <ClInclude Include="Source\Tests\NetworkTest.h">
      <Filter>Source\Tests</Filter>
    </ClInclude>
    <ClInclude Include="Source\Math\EasingFunc.h">
      <Filter>Source\Math</Filter>
    </ClInclude>
    <ClInclude Include="Source\Core\Constants.h">
      <Filter>Source\Core</Filter>
    </ClInclude>
    <ClInclude Include="Source\Entities\AttrAnimEnt.h">
      <Filter>Source\Entities</Filter>
    </ClInclude>
    <ClInclude Include="Source\Graphics\SheetAnim.h">
      <Filter>Source\Graphics</Filter>
    </ClInclude>
    <ClInclude Include="Source\Graphics\CommonAnim.h">
      <Filter>Source\Graphics</Filter>
    </ClInclude>
    <ClInclude Include="Source\Graphics\AnimLoader.h">
      <Filter>Source\Graphics</Filter>
    </ClInclude>
    <ClInclude Include="Source\Graphics\AttribAnim.h">
      <Filter>Source\Graphics</Filter>
    </ClInclude>
    <ClInclude Include="Source\Behaviors\AttribAnimator.h">
      <Filter>Source\Behaviors</Filter>
    </ClInclude>
    <ClInclude Include="Source\Graphics\AnimContextStack.h">
      <Filter>Source\Graphics</Filter>
    </ClInclude>
    <ClInclude Include="Source\Behaviors\SheetAnimator.h">
      <Filter>Source\Behaviors</Filter>
    </ClInclude>
    <ClInclude Include="Source\Behaviors\StateMachine.h">
      <Filter>Source\Behaviors</Filter>
    </ClInclude>
    <ClInclude Include="Source\Behaviors\State.h">
      <Filter>Source\Behaviors</Filter>
    </ClInclude>
    <ClInclude Include="Source\Attributes\Movement.h">
      <Filter>Source\Attributes</Filter>
    </ClInclude>
    <ClInclude Include="Source\Behaviors\SteeringBehavior.h">
      <Filter>Source\Behaviors</Filter>
    </ClInclude>
    <ClInclude Include="Source\Math\Path.h">
      <Filter>Source\Math</Filter>
    </ClInclude>
    <ClInclude Include="Source\Tests\StateMachineTest.h">
      <Filter>Source\Tests</Filter>
    </ClInclude>
    <ClInclude Include="Source\Math\SteeringMath.h">
      <Filter>Source\Math</Filter>
    </ClInclude>
    <ClInclude Include="Source\Behaviors\Goal.h">
      <Filter>Source\Behaviors</Filter>
    </ClInclude>
    <ClInclude Include="Source\Tests\GoalTest.h">
      <Filter>Source\Tests</Filter>
    </ClInclude>
    <ClInclude Include="Source\Communication\NetReader.h">
      <Filter>Source\Communication</Filter>
    </ClInclude>
    <ClInclude Include="Source\Communication\NetWriter.h">
      <Filter>Source\Communication</Filter>
    </ClInclude>
    <ClInclude Include="3rdParty\ofxTextAlign\ofxTextAlign.h">
      <Filter>3rdParty</Filter>
    </ClInclude>
    <ClInclude Include="3rdParty\ofxTextAlign\ofxTextAlignTTF.h">
      <Filter>3rdParty</Filter>
    </ClInclude>
    <ClInclude Include="3rdParty\ofxGui\ofxGuiGroup.h">
      <Filter>3rdParty</Filter>
    </ClInclude>
    <ClInclude Include="3rdParty\ofxGui\ofxLabel.h">
      <Filter>3rdParty</Filter>
    </ClInclude>
    <ClInclude Include="3rdParty\ofxGui\ofxPanel.h">
      <Filter>3rdParty</Filter>
    </ClInclude>
    <ClInclude Include="3rdParty\ofxGui\ofxSlider.h">
      <Filter>3rdParty</Filter>
    </ClInclude>
    <ClInclude Include="3rdParty\ofxGui\ofxSliderGroup.h">
      <Filter>3rdParty</Filter>
    </ClInclude>
    <ClInclude Include="3rdParty\ofxGui\ofxToggle.h">
      <Filter>3rdParty</Filter>
    </ClInclude>
    <ClInclude Include="3rdParty\ofxGui\ofxBaseGui.h">
      <Filter>3rdParty</Filter>
    </ClInclude>
    <ClInclude Include="3rdParty\ofxGui\ofxButton.h">
      <Filter>3rdParty</Filter>
    </ClInclude>
    <ClInclude Include="3rdParty\ofxGui\ofxGui.h">
      <Filter>3rdParty</Filter>
    </ClInclude>
    <ClInclude Include="3rdParty\ofxTextLabel\ofxTextLabel.h">
      <Filter>3rdParty</Filter>
    </ClInclude>
    <ClInclude Include="Source\Behaviors\MultiSelection.h">
      <Filter>Source\Behaviors</Filter>
    </ClInclude>
    <ClInclude Include="Source\Behaviors\Selection.h">
      <Filter>Source\Behaviors</Filter>
    </ClInclude>
    <ClInclude Include="Source\Core\Events.h">
      <Filter>Source\Core</Filter>
    </ClInclude>
    <ClInclude Include="Source\Graphics\SpriteEntity.h">
      <Filter>Source\Graphics</Filter>
    </ClInclude>
    <ClInclude Include="Source\Communication\NetMessage.h">
      <Filter>Source\Communication</Filter>
    </ClInclude>
    <ClInclude Include="Source\Components\NetworkCommunicator.h">
      <Filter>Source\Components</Filter>
    </ClInclude>
    <ClInclude Include="Source\Communication\Network.h">
      <Filter>Source\Communication</Filter>
    </ClInclude>
    <ClInclude Include="Source\Components\DeltaUpdate.h">
      <Filter>Source\Components</Filter>
    </ClInclude>
    <ClInclude Include="Source\Communication\DeltaInfo.h">
      <Filter>Source\Communication</Filter>
    </ClInclude>
    <ClInclude Include="Source\Communication\DeltaMessage.h">
      <Filter>Source\Communication</Filter>
    </ClInclude>
    <ClInclude Include="Source\Tests\JavaScriptTest.h">
      <Filter>Source\Tests</Filter>
    </ClInclude>
    <ClInclude Include="Source\Tests\LuaTest.h">
      <Filter>Source\Tests</Filter>
    </ClInclude>
    <ClInclude Include="3rdParty\lua\lstring.h">
      <Filter>3rdParty</Filter>
    </ClInclude>
    <ClInclude Include="3rdParty\lua\ltable.h">
      <Filter>3rdParty</Filter>
    </ClInclude>
    <ClInclude Include="3rdParty\lua\ltm.h">
      <Filter>3rdParty</Filter>
    </ClInclude>
    <ClInclude Include="3rdParty\lua\lua.h">
      <Filter>3rdParty</Filter>
    </ClInclude>
    <ClInclude Include="3rdParty\lua\luaconf.h">
      <Filter>3rdParty</Filter>
    </ClInclude>
    <ClInclude Include="3rdParty\lua\lualib.h">
      <Filter>3rdParty</Filter>
    </ClInclude>
    <ClInclude Include="3rdParty\lua\lundump.h">
      <Filter>3rdParty</Filter>
    </ClInclude>
    <ClInclude Include="3rdParty\lua\lvm.h">
      <Filter>3rdParty</Filter>
    </ClInclude>
    <ClInclude Include="3rdParty\lua\lzio.h">
      <Filter>3rdParty</Filter>
    </ClInclude>
    <ClInclude Include="3rdParty\lua\lapi.h">
      <Filter>3rdParty</Filter>
    </ClInclude>
    <ClInclude Include="3rdParty\lua\lauxlib.h">
      <Filter>3rdParty</Filter>
    </ClInclude>
    <ClInclude Include="3rdParty\lua\lcode.h">
      <Filter>3rdParty</Filter>
    </ClInclude>
    <ClInclude Include="3rdParty\lua\ldebug.h">
      <Filter>3rdParty</Filter>
    </ClInclude>
    <ClInclude Include="3rdParty\lua\ldo.h">
      <Filter>3rdParty</Filter>
    </ClInclude>
    <ClInclude Include="3rdParty\lua\lfunc.h">
      <Filter>3rdParty</Filter>
    </ClInclude>
    <ClInclude Include="3rdParty\lua\lgc.h">
      <Filter>3rdParty</Filter>
    </ClInclude>
    <ClInclude Include="3rdParty\lua\llex.h">
      <Filter>3rdParty</Filter>
    </ClInclude>
    <ClInclude Include="3rdParty\lua\llimits.h">
      <Filter>3rdParty</Filter>
    </ClInclude>
    <ClInclude Include="3rdParty\lua\lmem.h">
      <Filter>3rdParty</Filter>
    </ClInclude>
    <ClInclude Include="3rdParty\lua\lobject.h">
      <Filter>3rdParty</Filter>
    </ClInclude>
    <ClInclude Include="3rdParty\lua\lopcodes.h">
      <Filter>3rdParty</Filter>
    </ClInclude>
    <ClInclude Include="3rdParty\lua\lparser.h">
      <Filter>3rdParty</Filter>
    </ClInclude>
    <ClInclude Include="3rdParty\lua\lstate.h">
      <Filter>3rdParty</Filter>
    </ClInclude>
    <ClInclude Include="3rdParty\luabridge\Iterator.h">
      <Filter>3rdParty</Filter>
    </ClInclude>
    <ClInclude Include="3rdParty\luabridge\LuaBridge.h">
      <Filter>3rdParty</Filter>
    </ClInclude>
    <ClInclude Include="3rdParty\luabridge\LuaException.h">
      <Filter>3rdParty</Filter>
    </ClInclude>
    <ClInclude Include="3rdParty\luabridge\LuaHelpers.h">
      <Filter>3rdParty</Filter>
    </ClInclude>
    <ClInclude Include="3rdParty\luabridge\LuaRef.h">
      <Filter>3rdParty</Filter>
    </ClInclude>
    <ClInclude Include="3rdParty\luabridge\Namespace.h">
      <Filter>3rdParty</Filter>
    </ClInclude>
    <ClInclude Include="3rdParty\luabridge\RefCountedObject.h">
      <Filter>3rdParty</Filter>
    </ClInclude>
    <ClInclude Include="3rdParty\luabridge\RefCountedPtr.h">
      <Filter>3rdParty</Filter>
    </ClInclude>
    <ClInclude Include="3rdParty\luabridge\Stack.h">
      <Filter>3rdParty</Filter>
    </ClInclude>
    <ClInclude Include="3rdParty\luabridge\TypeList.h">
      <Filter>3rdParty</Filter>
    </ClInclude>
    <ClInclude Include="3rdParty\luabridge\TypeTraits.h">
      <Filter>3rdParty</Filter>
    </ClInclude>
    <ClInclude Include="3rdParty\luabridge\Userdata.h">
      <Filter>3rdParty</Filter>
    </ClInclude>
    <ClInclude Include="3rdParty\luabridge\CFunctions.h">
      <Filter>3rdParty</Filter>
    </ClInclude>
    <ClInclude Include="3rdParty\luabridge\ClassInfo.h">
      <Filter>3rdParty</Filter>
    </ClInclude>
    <ClInclude Include="3rdParty\luabridge\Constructor.h">
      <Filter>3rdParty</Filter>
    </ClInclude>
    <ClInclude Include="3rdParty\luabridge\dump.h">
      <Filter>3rdParty</Filter>
    </ClInclude>
    <ClInclude Include="3rdParty\luabridge\FuncTraits.h">
      <Filter>3rdParty</Filter>
    </ClInclude>
    <ClInclude Include="Source\Scripting\MsgLua.h">
      <Filter>Source\Scripting</Filter>
    </ClInclude>
    <ClInclude Include="Source\Scripting\NodeLua.h">
      <Filter>Source\Scripting</Filter>
    </ClInclude>
    <ClInclude Include="Source\Scripting\BehaviorLua.h">
      <Filter>Source\Scripting</Filter>
    </ClInclude>
    <ClInclude Include="Source\Components\LuaScripting.h">
      <Filter>Source\Components</Filter>
    </ClInclude>
    <ClInclude Include="Source\Behaviors\Slider.h">
      <Filter>Source\Behaviors</Filter>
    </ClInclude>
    <ClInclude Include="Source\AI\AIState.h">
      <Filter>Source\AI</Filter>
    </ClInclude>
    <ClInclude Include="Source\AI\Simulator.h">
      <Filter>Source\AI</Filter>
    </ClInclude>
    <ClInclude Include="Source\AI\AIAgent.h">
      <Filter>Source\AI</Filter>
    </ClInclude>
    <ClInclude Include="Source\AI\AgentsReward.h">
      <Filter>Source\AI</Filter>
    </ClInclude>
    <ClInclude Include="Source\AI\RandomAgent.h">
      <Filter>Source\AI</Filter>
    </ClInclude>
    <ClInclude Include="Source\AI\UCTAgent.h">
      <Filter>Source\AI</Filter>
    </ClInclude>
    <ClInclude Include="Source\Tests\MonteCarloTest.h">
      <Filter>Source\Tests</Filter>
    </ClInclude>
    <ClInclude Include="Source\Graphics\SpriteSheetGenerator.h">
      <Filter>Source\Graphics</Filter>
    </ClInclude>
    <ClInclude Include="Source\Core\CoroutineContext.h">
      <Filter>Source\Core</Filter>
    </ClInclude>
    <ClInclude Include="Source\Tests\CoroutineTest.h">
      <Filter>Source\Tests</Filter>
    </ClInclude>
    <ClInclude Include="Source\Tests\StrIdTest.h">
      <Filter>Source\Tests</Filter>
    </ClInclude>
    <ClInclude Include="Source\Core\BehaviorCreator.h">
      <Filter>Source\Core</Filter>
    </ClInclude>
    <ClInclude Include="Source\Core\CogApp.h">
      <Filter>Source\Core</Filter>
    </ClInclude>
    <ClInclude Include="Source\Core\CogEngine.h">
      <Filter>Source\Core</Filter>
    </ClInclude>
    <ClInclude Include="Source\Core\MsgListener.h">
      <Filter>Source\Core</Filter>
    </ClInclude>
    <ClInclude Include="Source\Core\Node.h">
      <Filter>Source\Core</Filter>
    </ClInclude>
    <ClInclude Include="Source\Core\Scene.h">
      <Filter>Source\Core</Filter>
    </ClInclude>
    <ClInclude Include="Source\Core\AsyncProcess.h">
      <Filter>Source\Core</Filter>
    </ClInclude>
    <ClInclude Include="Source\Core\Behavior.h">
      <Filter>Source\Core</Filter>
    </ClInclude>
    <ClInclude Include="Source\Behaviors\CompositeBehavior.h">
      <Filter>Source\Behaviors</Filter>
    </ClInclude>
    <ClInclude Include="Source\Tests\EngineTestAssets.h">
      <Filter>Source\Tests</Filter>
    </ClInclude>
    <ClInclude Include="Source\Tests\GoalTestAssets.h">
      <Filter>Source\Tests</Filter>
    </ClInclude>
    <ClInclude Include="Source\Tests\JavaScriptTestAssets.h">
      <Filter>Source\Tests</Filter>
    </ClInclude>
    <ClInclude Include="Source\Tests\LuaTestAssets.h">
      <Filter>Source\Tests</Filter>
    </ClInclude>
    <ClInclude Include="Source\Tests\MonteCarloTestAssets.h">
      <Filter>Source\Tests</Filter>
    </ClInclude>
    <ClInclude Include="Source\Tests\NetworkTestAssets.h">
      <Filter>Source\Tests</Filter>
    </ClInclude>
    <ClInclude Include="Source\Tests\SQLTestAssets.h">
      <Filter>Source\Tests</Filter>
    </ClInclude>
    <ClInclude Include="Source\Tests\StateMachineTestAssets.h">
      <Filter>Source\Tests</Filter>
    </ClInclude>
    <ClInclude Include="Source\Tests\TransformTestAssets.h">
      <Filter>Source\Tests</Filter>
    </ClInclude>
    <ClInclude Include="Source\AI\GameSimulator.h">
      <Filter>Source\AI</Filter>
    </ClInclude>
    <ClInclude Include="Source\Graphics\CollageTexture.h">
      <Filter>Source\Graphics</Filter>
    </ClInclude>
    <ClInclude Include="Source\Core\Soundfx.h">
      <Filter>Source\Core</Filter>
    </ClInclude>
    <ClInclude Include="Source\Attributes\StrId.h">
      <Filter>Source\Attributes</Filter>
    </ClInclude>
    <ClInclude Include="Source\Attributes\Transform.h">
      <Filter>Source\Attributes</Filter>
    </ClInclude>
    <ClInclude Include="Source\Attributes\Vec2i.h">
      <Filter>Source\Attributes</Filter>
    </ClInclude>
    <ClInclude Include="Source\Attributes\Flags.h">
      <Filter>Source\Attributes</Filter>
    </ClInclude>
    <ClInclude Include="Source\Misc\EnumConverter.h">
      <Filter>Source\Misc</Filter>
    </ClInclude>
    <ClInclude Include="Source\Math\GridGraph.h">
      <Filter>Source\Math</Filter>
    </ClInclude>
    <ClInclude Include="Source\Math\GridSpace.h">
      <Filter>Source\Math</Filter>
    </ClInclude>
    <ClInclude Include="Source\Math\NodeCellObject.h">
      <Filter>Source\Math</Filter>
    </ClInclude>
  </ItemGroup>
  <ItemGroup>
    <ClCompile Include="3rdParty\duktape\duktape.c">
      <Filter>3rdParty</Filter>
    </ClCompile>
    <ClCompile Include="3rdParty\sqlite\ofxSQLite.cpp">
      <Filter>3rdParty</Filter>
    </ClCompile>
    <ClCompile Include="3rdParty\sqlite\sqlite3.c">
      <Filter>3rdParty</Filter>
    </ClCompile>
    <ClCompile Include="3rdParty\xml\ofxXmlSettings.cpp">
      <Filter>3rdParty</Filter>
    </ClCompile>
    <ClCompile Include="3rdParty\xml\tinyxml.cpp">
      <Filter>3rdParty</Filter>
    </ClCompile>
    <ClCompile Include="3rdParty\xml\tinyxmlparser.cpp">
      <Filter>3rdParty</Filter>
    </ClCompile>
    <ClCompile Include="3rdParty\dukbind\dukbind.cpp">
      <Filter>3rdParty</Filter>
    </ClCompile>
    <ClCompile Include="3rdParty\dukbind\dukbind_binding_info.cpp">
      <Filter>3rdParty</Filter>
    </ClCompile>
    <ClCompile Include="3rdParty\dukbind\dukbind_helpers.cpp">
      <Filter>3rdParty</Filter>
    </ClCompile>
    <ClCompile Include="3rdParty\dukbind\dukbind_identifier.cpp">
      <Filter>3rdParty</Filter>
    </ClCompile>
    <ClCompile Include="3rdParty\dukbind\dukbind_proxy_function.cpp">
      <Filter>3rdParty</Filter>
    </ClCompile>
    <ClCompile Include="3rdParty\dukbind\dukbind_std.cpp">
      <Filter>3rdParty</Filter>
    </ClCompile>
    <ClCompile Include="3rdParty\dukbind\dukbind_validation.cpp">
      <Filter>3rdParty</Filter>
    </ClCompile>
    <ClCompile Include="Source\Components\Environment.cpp">
      <Filter>Source\Components</Filter>
    </ClCompile>
    <ClCompile Include="Source\Core\Facade.cpp">
      <Filter>Source\Core</Filter>
    </ClCompile>
    <ClCompile Include="Source\Components\ResourceCache.cpp">
      <Filter>Source\Components</Filter>
    </ClCompile>
    <ClCompile Include="Source\Core\NodeBuilder.cpp">
      <Filter>Source\Core</Filter>
    </ClCompile>
    <ClCompile Include="Source\Components\Logger.cpp">
      <Filter>Source\Components</Filter>
    </ClCompile>
    <ClCompile Include="Source\Components\Renderer.cpp">
      <Filter>Source\Components</Filter>
    </ClCompile>
    <ClCompile Include="Source\Graphics\SpriteSheetRenderer.cpp">
      <Filter>Source\Graphics</Filter>
    </ClCompile>
    <ClCompile Include="Source\Misc\Utils.cpp">
      <Filter>Source\Misc</Filter>
    </ClCompile>
    <ClCompile Include="Source\Core\Msg.cpp">
      <Filter>Source\Core</Filter>
    </ClCompile>
    <ClCompile Include="Source\Core\TransformMath.cpp">
      <Filter>Source\Core</Filter>
    </ClCompile>
    <ClCompile Include="Source\Graphics\SpriteSet.cpp">
      <Filter>Source\Graphics</Filter>
    </ClCompile>
    <ClCompile Include="Source\Components\SceneSwitchManager.cpp">
      <Filter>Source\Components</Filter>
    </ClCompile>
    <ClCompile Include="Source\Components\Stage.cpp">
      <Filter>Source\Components</Filter>
    </ClCompile>
    <ClCompile Include="3rdParty\network\ofxTCPManager.cpp">
      <Filter>3rdParty</Filter>
    </ClCompile>
    <ClCompile Include="3rdParty\network\ofxTCPServer.cpp">
      <Filter>3rdParty</Filter>
    </ClCompile>
    <ClCompile Include="3rdParty\network\ofxUDPManager.cpp">
      <Filter>3rdParty</Filter>
    </ClCompile>
    <ClCompile Include="3rdParty\network\ofxTCPClient.cpp">
      <Filter>3rdParty</Filter>
    </ClCompile>
    <ClCompile Include="Source\Misc\TimeMeasure.cpp">
      <Filter>Source\Misc</Filter>
    </ClCompile>
    <ClCompile Include="Source\Math\EasingFunc.cpp">
      <Filter>Source\Math</Filter>
    </ClCompile>
    <ClCompile Include="Source\Attributes\Shape.cpp">
      <Filter>Source\Attributes</Filter>
    </ClCompile>
    <ClCompile Include="Source\Graphics\AnimContextStack.cpp">
      <Filter>Source\Graphics</Filter>
    </ClCompile>
    <ClCompile Include="Source\Graphics\AnimLoader.cpp">
      <Filter>Source\Graphics</Filter>
    </ClCompile>
    <ClCompile Include="Source\Math\Path.cpp">
      <Filter>Source\Math</Filter>
    </ClCompile>
    <ClCompile Include="Source\Communication\NetWriter.cpp">
      <Filter>Source\Communication</Filter>
    </ClCompile>
    <ClCompile Include="Source\Communication\NetReader.cpp">
      <Filter>Source\Communication</Filter>
    </ClCompile>
    <ClCompile Include="3rdParty\ofxTextAlign\ofxTextAlignTTF.cpp">
      <Filter>3rdParty</Filter>
    </ClCompile>
    <ClCompile Include="3rdParty\ofxTextAlign\ofxTextAlign.cpp">
      <Filter>3rdParty</Filter>
    </ClCompile>
    <ClCompile Include="3rdParty\ofxGui\ofxLabel.cpp">
      <Filter>3rdParty</Filter>
    </ClCompile>
    <ClCompile Include="3rdParty\ofxGui\ofxPanel.cpp">
      <Filter>3rdParty</Filter>
    </ClCompile>
    <ClCompile Include="3rdParty\ofxGui\ofxSlider.cpp">
      <Filter>3rdParty</Filter>
    </ClCompile>
    <ClCompile Include="3rdParty\ofxGui\ofxSliderGroup.cpp">
      <Filter>3rdParty</Filter>
    </ClCompile>
    <ClCompile Include="3rdParty\ofxGui\ofxToggle.cpp">
      <Filter>3rdParty</Filter>
    </ClCompile>
    <ClCompile Include="3rdParty\ofxGui\ofxBaseGui.cpp">
      <Filter>3rdParty</Filter>
    </ClCompile>
    <ClCompile Include="3rdParty\ofxGui\ofxButton.cpp">
      <Filter>3rdParty</Filter>
    </ClCompile>
    <ClCompile Include="3rdParty\ofxGui\ofxGuiGroup.cpp">
      <Filter>3rdParty</Filter>
    </ClCompile>
    <ClCompile Include="3rdParty\ofxTextLabel\ofxTextLabel.cpp">
      <Filter>3rdParty</Filter>
    </ClCompile>
    <ClCompile Include="Source\Graphics\SpriteEntity.cpp">
      <Filter>Source\Graphics</Filter>
    </ClCompile>
    <ClCompile Include="Source\Communication\NetMessage.cpp">
      <Filter>Source\Communication</Filter>
    </ClCompile>
    <ClCompile Include="Source\Components\NetworkCommunicator.cpp">
      <Filter>Source\Components</Filter>
    </ClCompile>
    <ClCompile Include="Source\Communication\Network.cpp">
      <Filter>Source\Communication</Filter>
    </ClCompile>
    <ClCompile Include="Source\Components\DeltaUpdate.cpp">
      <Filter>Source\Components</Filter>
    </ClCompile>
    <ClCompile Include="Source\Communication\DeltaMessage.cpp">
      <Filter>Source\Communication</Filter>
    </ClCompile>
    <ClCompile Include="3rdParty\lua\lstring.c">
      <Filter>3rdParty</Filter>
    </ClCompile>
    <ClCompile Include="3rdParty\lua\lstrlib.c">
      <Filter>3rdParty</Filter>
    </ClCompile>
    <ClCompile Include="3rdParty\lua\ltable.c">
      <Filter>3rdParty</Filter>
    </ClCompile>
    <ClCompile Include="3rdParty\lua\ltablib.c">
      <Filter>3rdParty</Filter>
    </ClCompile>
    <ClCompile Include="3rdParty\lua\ltm.c">
      <Filter>3rdParty</Filter>
    </ClCompile>
    <ClCompile Include="3rdParty\lua\lua.c">
      <Filter>3rdParty</Filter>
    </ClCompile>
    <ClCompile Include="3rdParty\lua\luac.c">
      <Filter>3rdParty</Filter>
    </ClCompile>
    <ClCompile Include="3rdParty\lua\lundump.c">
      <Filter>3rdParty</Filter>
    </ClCompile>
    <ClCompile Include="3rdParty\lua\lvm.c">
      <Filter>3rdParty</Filter>
    </ClCompile>
    <ClCompile Include="3rdParty\lua\lzio.c">
      <Filter>3rdParty</Filter>
    </ClCompile>
    <ClCompile Include="3rdParty\lua\print.c">
      <Filter>3rdParty</Filter>
    </ClCompile>
    <ClCompile Include="3rdParty\lua\lapi.c">
      <Filter>3rdParty</Filter>
    </ClCompile>
    <ClCompile Include="3rdParty\lua\lauxlib.c">
      <Filter>3rdParty</Filter>
    </ClCompile>
    <ClCompile Include="3rdParty\lua\lbaselib.c">
      <Filter>3rdParty</Filter>
    </ClCompile>
    <ClCompile Include="3rdParty\lua\lcode.c">
      <Filter>3rdParty</Filter>
    </ClCompile>
    <ClCompile Include="3rdParty\lua\ldblib.c">
      <Filter>3rdParty</Filter>
    </ClCompile>
    <ClCompile Include="3rdParty\lua\ldebug.c">
      <Filter>3rdParty</Filter>
    </ClCompile>
    <ClCompile Include="3rdParty\lua\ldo.c">
      <Filter>3rdParty</Filter>
    </ClCompile>
    <ClCompile Include="3rdParty\lua\ldump.c">
      <Filter>3rdParty</Filter>
    </ClCompile>
    <ClCompile Include="3rdParty\lua\lfunc.c">
      <Filter>3rdParty</Filter>
    </ClCompile>
    <ClCompile Include="3rdParty\lua\lgc.c">
      <Filter>3rdParty</Filter>
    </ClCompile>
    <ClCompile Include="3rdParty\lua\linit.c">
      <Filter>3rdParty</Filter>
    </ClCompile>
    <ClCompile Include="3rdParty\lua\liolib.c">
      <Filter>3rdParty</Filter>
    </ClCompile>
    <ClCompile Include="3rdParty\lua\llex.c">
      <Filter>3rdParty</Filter>
    </ClCompile>
    <ClCompile Include="3rdParty\lua\lmathlib.c">
      <Filter>3rdParty</Filter>
    </ClCompile>
    <ClCompile Include="3rdParty\lua\lmem.c">
      <Filter>3rdParty</Filter>
    </ClCompile>
    <ClCompile Include="3rdParty\lua\loadlib.c">
      <Filter>3rdParty</Filter>
    </ClCompile>
    <ClCompile Include="3rdParty\lua\lobject.c">
      <Filter>3rdParty</Filter>
    </ClCompile>
    <ClCompile Include="3rdParty\lua\lopcodes.c">
      <Filter>3rdParty</Filter>
    </ClCompile>
    <ClCompile Include="3rdParty\lua\loslib.c">
      <Filter>3rdParty</Filter>
    </ClCompile>
    <ClCompile Include="3rdParty\lua\lparser.c">
      <Filter>3rdParty</Filter>
    </ClCompile>
    <ClCompile Include="3rdParty\lua\lstate.c">
      <Filter>3rdParty</Filter>
    </ClCompile>
    <ClCompile Include="Source\Scripting\BehaviorLua.cpp">
      <Filter>Source\Scripting</Filter>
    </ClCompile>
    <ClCompile Include="Source\Scripting\NodeLua.cpp">
      <Filter>Source\Scripting</Filter>
    </ClCompile>
    <ClCompile Include="Source\Scripting\MsgLua.cpp">
      <Filter>Source\Scripting</Filter>
    </ClCompile>
    <ClCompile Include="Source\Behaviors\FloatingScene.cpp">
      <Filter>Source\Behaviors</Filter>
    </ClCompile>
    <ClCompile Include="Source\Behaviors\Goal.cpp">
      <Filter>Source\Behaviors</Filter>
    </ClCompile>
    <ClCompile Include="Source\Behaviors\HitEvent.cpp">
      <Filter>Source\Behaviors</Filter>
    </ClCompile>
    <ClCompile Include="Source\Behaviors\InputKey.cpp">
      <Filter>Source\Behaviors</Filter>
    </ClCompile>
    <ClCompile Include="Source\Behaviors\Move.cpp">
      <Filter>Source\Behaviors</Filter>
    </ClCompile>
    <ClCompile Include="Source\Behaviors\MultiAnim.cpp">
      <Filter>Source\Behaviors</Filter>
    </ClCompile>
    <ClCompile Include="Source\Behaviors\MultiSelection.cpp">
      <Filter>Source\Behaviors</Filter>
    </ClCompile>
    <ClCompile Include="Source\Behaviors\Selection.cpp">
      <Filter>Source\Behaviors</Filter>
    </ClCompile>
    <ClCompile Include="Source\Behaviors\SheetAnimator.cpp">
      <Filter>Source\Behaviors</Filter>
    </ClCompile>
    <ClCompile Include="Source\Behaviors\StateMachine.cpp">
      <Filter>Source\Behaviors</Filter>
    </ClCompile>
    <ClCompile Include="Source\Behaviors\SteeringBehavior.cpp">
      <Filter>Source\Behaviors</Filter>
    </ClCompile>
    <ClCompile Include="Source\Behaviors\TransformAnim.cpp">
      <Filter>Source\Behaviors</Filter>
    </ClCompile>
    <ClCompile Include="Source\Behaviors\Tween.cpp">
      <Filter>Source\Behaviors</Filter>
    </ClCompile>
    <ClCompile Include="Source\Behaviors\AttribAnimator.cpp">
      <Filter>Source\Behaviors</Filter>
    </ClCompile>
    <ClCompile Include="Source\Behaviors\Button.cpp">
      <Filter>Source\Behaviors</Filter>
    </ClCompile>
    <ClCompile Include="Source\Behaviors\DelayAction.cpp">
      <Filter>Source\Behaviors</Filter>
    </ClCompile>
    <ClCompile Include="Source\Behaviors\DelayRemove.cpp">
      <Filter>Source\Behaviors</Filter>
    </ClCompile>
    <ClCompile Include="Source\Behaviors\Slider.cpp">
      <Filter>Source\Behaviors</Filter>
    </ClCompile>
    <ClCompile Include="Source\Core\CogEngine.cpp">
      <Filter>Source\Core</Filter>
    </ClCompile>
    <ClCompile Include="Source\Core\MsgListener.cpp">
      <Filter>Source\Core</Filter>
    </ClCompile>
    <ClCompile Include="Source\Core\Node.cpp">
      <Filter>Source\Core</Filter>
    </ClCompile>
    <ClCompile Include="Source\Core\Scene.cpp">
      <Filter>Source\Core</Filter>
    </ClCompile>
    <ClCompile Include="Source\Core\Behavior.cpp">
      <Filter>Source\Core</Filter>
    </ClCompile>
    <ClCompile Include="Source\Core\CogApp.cpp">
      <Filter>Source\Core</Filter>
    </ClCompile>
    <ClCompile Include="Source\Core\Component.cpp">
      <Filter>Source\Components</Filter>
    </ClCompile>
    <ClCompile Include="Source\Behaviors\CompositeBehavior.cpp">
      <Filter>Source\Behaviors</Filter>
    </ClCompile>
    <ClCompile Include="Source\Graphics\CollageTexture.cpp">
      <Filter>Source\Graphics</Filter>
    </ClCompile>
    <ClCompile Include="Source\Attributes\Transform.cpp">
      <Filter>Source\Attributes</Filter>
    </ClCompile>
    <ClCompile Include="Source\Attributes\Flags.cpp">
      <Filter>Source\Attributes</Filter>
    </ClCompile>
    <ClCompile Include="Source\Attributes\StrId.cpp">
      <Filter>Source\Attributes</Filter>
    </ClCompile>
    <ClCompile Include="Source\Entities\AttrAnimEnt.cpp">
      <Filter>Source\Entities</Filter>
    </ClCompile>
    <ClCompile Include="Source\Entities\BehaviorEnt.cpp">
      <Filter>Source\Entities</Filter>
    </ClCompile>
    <ClCompile Include="Source\Entities\LayerEnt.cpp">
      <Filter>Source\Entities</Filter>
    </ClCompile>
    <ClCompile Include="Source\Entities\TransformEnt.cpp">
      <Filter>Source\Entities</Filter>
    </ClCompile>
    <ClCompile Include="Source\Misc\EnumConverter.cpp">
      <Filter>Source\Misc</Filter>
    </ClCompile>
    <ClCompile Include="Source\Math\SteeringMath.cpp">
      <Filter>Source\Math</Filter>
    </ClCompile>
    <ClCompile Include="Source\Math\AStarSearch.cpp">
      <Filter>Source\Math</Filter>
    </ClCompile>
    <ClCompile Include="Source\Math\GridGraph.cpp">
      <Filter>Source\Math</Filter>
    </ClCompile>
  </ItemGroup>
</Project>