<?xml version="1.0" encoding="utf-8"?>
<Project ToolsVersion="4.0" xmlns="http://schemas.microsoft.com/developer/msbuild/2003">
  <ItemGroup>
    <Filter Include="Source">
      <UniqueIdentifier>{53145cd3-aa44-4015-b00b-917b812f24b6}</UniqueIdentifier>
    </Filter>
    <Filter Include="3rdParty">
      <UniqueIdentifier>{e4415d8f-511b-487f-8673-dc6be6f9fef3}</UniqueIdentifier>
    </Filter>
    <Filter Include="Source\Attributes">
      <UniqueIdentifier>{9dfda3f6-2275-4e1f-bf5d-38cf40eaa8b9}</UniqueIdentifier>
    </Filter>
    <Filter Include="Source\Behaviors">
      <UniqueIdentifier>{f1d24ab6-97a3-4954-92a0-192a005adaf3}</UniqueIdentifier>
    </Filter>
    <Filter Include="Source\Components">
      <UniqueIdentifier>{1bae0724-33fb-473c-a5c9-fbd64403b282}</UniqueIdentifier>
    </Filter>
    <Filter Include="Source\Core">
      <UniqueIdentifier>{92418f27-8df7-4d4c-8e6e-6f29c4199572}</UniqueIdentifier>
    </Filter>
    <Filter Include="Source\Misc">
      <UniqueIdentifier>{c8638d57-2ba7-4acc-b2f1-85d75cb97470}</UniqueIdentifier>
    </Filter>
    <Filter Include="Source\Tests">
      <UniqueIdentifier>{344811c4-1bf8-47bc-b46e-f3c25b3b73ad}</UniqueIdentifier>
    </Filter>
  </ItemGroup>
  <ItemGroup>
    <ClInclude Include="Source\Misc\SQLiteEntity.h">
      <Filter>Source\Misc</Filter>
    </ClInclude>
    <ClInclude Include="Source\Misc\CollageTexture.h">
      <Filter>Source\Misc</Filter>
    </ClInclude>
    <ClInclude Include="Source\Misc\SpriteSheetRenderer.h">
      <Filter>Source\Misc</Filter>
    </ClInclude>
    <ClInclude Include="Source\Misc\SpriteTexture.h">
      <Filter>Source\Misc</Filter>
    </ClInclude>
    <ClInclude Include="3rdParty\duktape\duktape.h">
      <Filter>3rdParty</Filter>
    </ClInclude>
    <ClInclude Include="3rdParty\duktape\duk_config.h">
      <Filter>3rdParty</Filter>
    </ClInclude>
    <ClInclude Include="3rdParty\smartptr\ofxSmartPointer.h">
      <Filter>3rdParty</Filter>
    </ClInclude>
    <ClInclude Include="3rdParty\sqlite\ofxSQLite.h">
      <Filter>3rdParty</Filter>
    </ClInclude>
    <ClInclude Include="3rdParty\sqlite\sqlite3.h">
      <Filter>3rdParty</Filter>
    </ClInclude>
    <ClInclude Include="3rdParty\xml\ofxXmlSettings.h">
      <Filter>3rdParty</Filter>
    </ClInclude>
    <ClInclude Include="3rdParty\xml\tinyxml.h">
      <Filter>3rdParty</Filter>
    </ClInclude>
    <ClInclude Include="3rdParty\catch\catch.hpp">
      <Filter>3rdParty</Filter>
    </ClInclude>
    <ClInclude Include="3rdParty\dukbind\dukbind.h">
      <Filter>3rdParty</Filter>
    </ClInclude>
    <ClInclude Include="3rdParty\dukbind\dukbindconf.h">
      <Filter>3rdParty</Filter>
    </ClInclude>
    <ClInclude Include="3rdParty\dukbind\dukbind_assert.h">
      <Filter>3rdParty</Filter>
    </ClInclude>
    <ClInclude Include="3rdParty\dukbind\dukbind_binding_info.h">
      <Filter>3rdParty</Filter>
    </ClInclude>
    <ClInclude Include="3rdParty\dukbind\dukbind_debug.h">
      <Filter>3rdParty</Filter>
    </ClInclude>
    <ClInclude Include="3rdParty\dukbind\dukbind_glue.h">
      <Filter>3rdParty</Filter>
    </ClInclude>
    <ClInclude Include="3rdParty\dukbind\dukbind_helpers.h">
      <Filter>3rdParty</Filter>
    </ClInclude>
    <ClInclude Include="3rdParty\dukbind\dukbind_identifier.h">
      <Filter>3rdParty</Filter>
    </ClInclude>
    <ClInclude Include="3rdParty\dukbind\dukbind_private.h">
      <Filter>3rdParty</Filter>
    </ClInclude>
    <ClInclude Include="3rdParty\dukbind\dukbind_proxy_function.h">
      <Filter>3rdParty</Filter>
    </ClInclude>
    <ClInclude Include="3rdParty\dukbind\dukbind_rtti.h">
      <Filter>3rdParty</Filter>
    </ClInclude>
    <ClInclude Include="3rdParty\dukbind\dukbind_std.h">
      <Filter>3rdParty</Filter>
    </ClInclude>
    <ClInclude Include="3rdParty\dukbind\dukbind_validation.h">
      <Filter>3rdParty</Filter>
    </ClInclude>
    <ClInclude Include="Source\Attributes\Anim.h">
      <Filter>Source\Attributes</Filter>
    </ClInclude>
    <ClInclude Include="Source\Attributes\Bounds.h">
      <Filter>Source\Attributes</Filter>
    </ClInclude>
    <ClInclude Include="Source\Attributes\Collision.h">
      <Filter>Source\Attributes</Filter>
    </ClInclude>
    <ClInclude Include="Source\Attributes\Flags.h">
      <Filter>Source\Attributes</Filter>
    </ClInclude>
    <ClInclude Include="Source\Attributes\InputAct.h">
      <Filter>Source\Attributes</Filter>
    </ClInclude>
    <ClInclude Include="Source\Attributes\Pair.h">
      <Filter>Source\Attributes</Filter>
    </ClInclude>
    <ClInclude Include="Source\Attributes\Shape.h">
      <Filter>Source\Attributes</Filter>
    </ClInclude>
    <ClInclude Include="Source\Attributes\SoundFile.h">
      <Filter>Source\Attributes</Filter>
    </ClInclude>
    <ClInclude Include="Source\Attributes\Sprite.h">
      <Filter>Source\Attributes</Filter>
    </ClInclude>
    <ClInclude Include="Source\Attributes\SpriteSet.h">
      <Filter>Source\Attributes</Filter>
    </ClInclude>
    <ClInclude Include="Source\Attributes\SpriteSheet.h">
      <Filter>Source\Attributes</Filter>
    </ClInclude>
    <ClInclude Include="Source\Attributes\Transform.h">
      <Filter>Source\Attributes</Filter>
    </ClInclude>
    <ClInclude Include="Source\Behaviors\Animator.h">
      <Filter>Source\Behaviors</Filter>
    </ClInclude>
    <ClInclude Include="Source\Behaviors\Button.h">
      <Filter>Source\Behaviors</Filter>
    </ClInclude>
    <ClInclude Include="Source\Behaviors\Collider.h">
      <Filter>Source\Behaviors</Filter>
    </ClInclude>
    <ClInclude Include="Source\Behaviors\DelayAction.h">
      <Filter>Source\Behaviors</Filter>
    </ClInclude>
    <ClInclude Include="Source\Behaviors\DelayRemove.h">
      <Filter>Source\Behaviors</Filter>
    </ClInclude>
    <ClInclude Include="Source\Behaviors\HitEvent.h">
      <Filter>Source\Behaviors</Filter>
    </ClInclude>
    <ClInclude Include="Source\Behaviors\InputKey.h">
      <Filter>Source\Behaviors</Filter>
    </ClInclude>
    <ClInclude Include="Source\Behaviors\Move.h">
      <Filter>Source\Behaviors</Filter>
    </ClInclude>
    <ClInclude Include="Source\Behaviors\MultiAnim.h">
      <Filter>Source\Behaviors</Filter>
    </ClInclude>
    <ClInclude Include="Source\Behaviors\RotateAnim.h">
      <Filter>Source\Behaviors</Filter>
    </ClInclude>
    <ClInclude Include="Source\Behaviors\TransformAnim.h">
      <Filter>Source\Behaviors</Filter>
    </ClInclude>
    <ClInclude Include="Source\Behaviors\TranslateAnim.h">
      <Filter>Source\Behaviors</Filter>
    </ClInclude>
    <ClInclude Include="Source\Behaviors\Tween.h">
      <Filter>Source\Behaviors</Filter>
    </ClInclude>
    <ClInclude Include="Source\Components\Environment.h">
      <Filter>Source\Components</Filter>
    </ClInclude>
    <ClInclude Include="Source\Components\Renderer.h">
      <Filter>Source\Components</Filter>
    </ClInclude>
    <ClInclude Include="Source\Core\Attr.h">
      <Filter>Source\Core</Filter>
    </ClInclude>
    <ClInclude Include="Source\Core\Behavior.h">
      <Filter>Source\Core</Filter>
    </ClInclude>
    <ClInclude Include="Source\Core\Enums.h">
      <Filter>Source\Core</Filter>
    </ClInclude>
    <ClInclude Include="Source\Core\Error.h">
      <Filter>Source\Core</Filter>
    </ClInclude>
    <ClInclude Include="Source\Core\Facade.h">
      <Filter>Source\Core</Filter>
    </ClInclude>
    <ClInclude Include="Source\Core\Msg.h">
      <Filter>Source\Core</Filter>
    </ClInclude>
    <ClInclude Include="Source\Core\Node.h">
      <Filter>Source\Core</Filter>
    </ClInclude>
    <ClInclude Include="Source\Core\Utils.h">
      <Filter>Source\Core</Filter>
    </ClInclude>
    <ClInclude Include="Source\Core\CogApp.h">
      <Filter>Source\Core</Filter>
    </ClInclude>
    <ClInclude Include="Source\Components\ResourceCache.h">
      <Filter>Source\Components</Filter>
    </ClInclude>
    <ClInclude Include="Source\Core\StringHash.h">
      <Filter>Source\Core</Filter>
    </ClInclude>
    <ClInclude Include="Source\Components\Component.h">
      <Filter>Source\Components</Filter>
    </ClInclude>
    <ClInclude Include="Source\Components\Logger.h">
      <Filter>Source\Components</Filter>
    </ClInclude>
    <ClInclude Include="Source\Core\Scene.h">
      <Filter>Source\Core</Filter>
    </ClInclude>
    <ClInclude Include="Source\Core\TransformMath.h">
      <Filter>Source\Core</Filter>
    </ClInclude>
    <ClInclude Include="Source\Core\NodeBuilder.h">
      <Filter>Source\Core</Filter>
    </ClInclude>
    <ClInclude Include="Source\Core\CogEngine.h">
      <Filter>Source\Core</Filter>
    </ClInclude>
    <ClInclude Include="Source\Core\EntityStorage.h">
      <Filter>Source\Core</Filter>
    </ClInclude>
    <ClInclude Include="Source\Core\Events.h">
      <Filter>Source\Core</Filter>
    </ClInclude>
    <ClInclude Include="Source\Components\SceneContext.h">
      <Filter>Source\Components</Filter>
    </ClInclude>
    <ClInclude Include="Source\Components\SceneManager.h">
      <Filter>Source\Components</Filter>
    </ClInclude>
    <ClInclude Include="Source\Core\MsgListener.h">
      <Filter>Source\Core</Filter>
    </ClInclude>
    <ClInclude Include="Source\Behaviors\FloatingScene.h">
      <Filter>Source\Behaviors</Filter>
    </ClInclude>
    <ClInclude Include="Source\Components\AnimationLoader.h">
      <Filter>Source\Components</Filter>
    </ClInclude>
    <ClInclude Include="Source\Core\Settings.h">
      <Filter>Source\Core</Filter>
    </ClInclude>
    <ClInclude Include="Source\Tests\TransformTest.h">
      <Filter>Source\Tests</Filter>
    </ClInclude>
    <ClInclude Include="Source\Tests\FlagsTest.h">
      <Filter>Source\Tests</Filter>
    </ClInclude>
    <ClInclude Include="Source\Components\InputHandler.h">
      <Filter>Source\Components</Filter>
    </ClInclude>
    <ClInclude Include="Source\Behaviors\Selection.h">
      <Filter>Source\Behaviors</Filter>
    </ClInclude>
    <ClInclude Include="Source\Core\AsyncProcess.h">
      <Filter>Source\Core</Filter>
    </ClInclude>
    <ClInclude Include="Source\Core\Definitions.h">
      <Filter>Source\Core</Filter>
    </ClInclude>
    <ClInclude Include="Source\ofxCogCommon.h">
      <Filter>Source</Filter>
    </ClInclude>
    <ClInclude Include="Source\ofxCogMain.h">
      <Filter>Source</Filter>
    </ClInclude>
  </ItemGroup>
  <ItemGroup>
    <ClCompile Include="Source\Misc\CollageTexture.cpp">
      <Filter>Source\Misc</Filter>
    </ClCompile>
    <ClCompile Include="Source\Misc\SpriteSheetRenderer.cpp">
      <Filter>Source\Misc</Filter>
    </ClCompile>
    <ClCompile Include="Source\Misc\SpriteTexture.cpp">
      <Filter>Source\Misc</Filter>
    </ClCompile>
    <ClCompile Include="3rdParty\duktape\duktape.c">
      <Filter>3rdParty</Filter>
    </ClCompile>
    <ClCompile Include="3rdParty\sqlite\ofxSQLite.cpp">
      <Filter>3rdParty</Filter>
    </ClCompile>
    <ClCompile Include="3rdParty\sqlite\sqlite3.c">
      <Filter>3rdParty</Filter>
    </ClCompile>
    <ClCompile Include="3rdParty\xml\ofxXmlSettings.cpp">
      <Filter>3rdParty</Filter>
    </ClCompile>
    <ClCompile Include="3rdParty\xml\tinyxml.cpp">
      <Filter>3rdParty</Filter>
    </ClCompile>
    <ClCompile Include="3rdParty\xml\tinyxmlparser.cpp">
      <Filter>3rdParty</Filter>
    </ClCompile>
    <ClCompile Include="3rdParty\dukbind\dukbind.cpp">
      <Filter>3rdParty</Filter>
    </ClCompile>
    <ClCompile Include="3rdParty\dukbind\dukbind_binding_info.cpp">
      <Filter>3rdParty</Filter>
    </ClCompile>
    <ClCompile Include="3rdParty\dukbind\dukbind_helpers.cpp">
      <Filter>3rdParty</Filter>
    </ClCompile>
    <ClCompile Include="3rdParty\dukbind\dukbind_identifier.cpp">
      <Filter>3rdParty</Filter>
    </ClCompile>
    <ClCompile Include="3rdParty\dukbind\dukbind_proxy_function.cpp">
      <Filter>3rdParty</Filter>
    </ClCompile>
    <ClCompile Include="3rdParty\dukbind\dukbind_std.cpp">
      <Filter>3rdParty</Filter>
    </ClCompile>
    <ClCompile Include="3rdParty\dukbind\dukbind_validation.cpp">
      <Filter>3rdParty</Filter>
    </ClCompile>
    <ClCompile Include="Source\Attributes\Bounds.cpp">
      <Filter>Source\Attributes</Filter>
    </ClCompile>
    <ClCompile Include="Source\Attributes\Flags.cpp">
      <Filter>Source\Attributes</Filter>
    </ClCompile>
    <ClCompile Include="Source\Components\Environment.cpp">
      <Filter>Source\Components</Filter>
    </ClCompile>
    <ClCompile Include="Source\Core\Behavior.cpp">
      <Filter>Source\Core</Filter>
    </ClCompile>
    <ClCompile Include="Source\Core\Facade.cpp">
      <Filter>Source\Core</Filter>
    </ClCompile>
    <ClCompile Include="Source\Core\Msg.cpp">
      <Filter>Source\Core</Filter>
    </ClCompile>
    <ClCompile Include="Source\Core\Node.cpp">
      <Filter>Source\Core</Filter>
    </ClCompile>
    <ClCompile Include="Source\Core\Utils.cpp">
      <Filter>Source\Core</Filter>
    </ClCompile>
    <ClCompile Include="Source\Core\CogApp.cpp">
      <Filter>Source\Core</Filter>
    </ClCompile>
    <ClCompile Include="Source\Components\ResourceCache.cpp">
      <Filter>Source\Components</Filter>
    </ClCompile>
    <ClCompile Include="Source\Core\StringHash.cpp">
      <Filter>Source\Core</Filter>
    </ClCompile>
    <ClCompile Include="Source\Core\CogEngine.cpp">
      <Filter>Source\Core</Filter>
    </ClCompile>
    <ClCompile Include="Source\Core\EntityStorage.cpp">
      <Filter>Source\Core</Filter>
    </ClCompile>
    <ClCompile Include="Source\Components\SceneContext.cpp">
      <Filter>Source\Components</Filter>
    </ClCompile>
    <ClCompile Include="Source\Core\MsgListener.cpp">
      <Filter>Source\Core</Filter>
    </ClCompile>
    <ClCompile Include="Source\Core\NodeBuilder.cpp">
      <Filter>Source\Core</Filter>
    </ClCompile>
    <ClCompile Include="Source\Core\Scene.cpp">
      <Filter>Source\Core</Filter>
    </ClCompile>
    <ClCompile Include="Source\Components\Logger.cpp">
      <Filter>Source\Components</Filter>
    </ClCompile>
  </ItemGroup>
</Project>