<?xml version="1.0" encoding="utf-8"?>
<Project ToolsVersion="4.0" xmlns="http://schemas.microsoft.com/developer/msbuild/2003">
  <ItemGroup>
    <ClCompile Include="src\ofApp.cpp">
      <Filter>src</Filter>
    </ClCompile>
    <ClCompile Include="src\main.cpp">
      <Filter>src</Filter>
    </ClCompile>
    <ClCompile Include="src\GNode.cpp">
      <Filter>src</Filter>
    </ClCompile>
    <ClCompile Include="src\MEnvironmentCtrl.cpp">
      <Filter>src</Filter>
    </ClCompile>
    <ClCompile Include="src\MGameEngine.cpp">
      <Filter>src</Filter>
    </ClCompile>
    <ClCompile Include="src\MGameFactory.cpp">
      <Filter>src</Filter>
    </ClCompile>
    <ClCompile Include="src\MGameStorage.cpp">
      <Filter>src</Filter>
    </ClCompile>
    <ClCompile Include="src\MResourceCtrl.cpp">
      <Filter>src</Filter>
    </ClCompile>
    <ClCompile Include="src\CopterFactory.cpp">
      <Filter>src</Filter>
    </ClCompile>
    <ClCompile Include="src\EnBounds.cpp">
      <Filter>src</Filter>
    </ClCompile>
    <ClCompile Include="src\EnFlags.cpp">
      <Filter>src</Filter>
    </ClCompile>
    <ClCompile Include="src\EnInputAct.cpp">
      <Filter>src</Filter>
    </ClCompile>
    <ClCompile Include="src\EnPair.cpp">
      <Filter>src</Filter>
    </ClCompile>
    <ClCompile Include="src\Enums.cpp">
      <Filter>src</Filter>
    </ClCompile>
    <ClCompile Include="src\GAttr.cpp">
      <Filter>src</Filter>
    </ClCompile>
    <ClCompile Include="src\GBehavior.cpp">
      <Filter>src</Filter>
    </ClCompile>
    <ClCompile Include="src\GMsg.cpp">
      <Filter>src</Filter>
    </ClCompile>
    <ClCompile Include="src\ofxSpriteSheetRenderer.cpp">
      <Filter>src</Filter>
    </ClCompile>
    <ClCompile Include="src\PixelTexture.cpp">
      <Filter>src</Filter>
    </ClCompile>
    <ClCompile Include="src\CollageTexture.cpp">
      <Filter>src</Filter>
    </ClCompile>
    <ClCompile Include="src\LinearTexture.cpp">
      <Filter>src</Filter>
    </ClCompile>
    <ClCompile Include="src\ofAndroidApp.cpp">
      <Filter>src</Filter>
    </ClCompile>
  </ItemGroup>
  <ItemGroup>
    <Filter Include="src">
      <UniqueIdentifier>{d8376475-7454-4a24-b08a-aac121d3ad6f}</UniqueIdentifier>
    </Filter>
  </ItemGroup>
  <ItemGroup>
    <ClInclude Include="src\ofApp.h">
      <Filter>src</Filter>
    </ClInclude>
    <ClInclude Include="src\GMsg.h">
      <Filter>src</Filter>
    </ClInclude>
    <ClInclude Include="src\GNode.h">
      <Filter>src</Filter>
    </ClInclude>
    <ClInclude Include="src\MEnvironmentCtrl.h">
      <Filter>src</Filter>
    </ClInclude>
    <ClInclude Include="src\MGameEngine.h">
      <Filter>src</Filter>
    </ClInclude>
    <ClInclude Include="src\MGameFactory.h">
      <Filter>src</Filter>
    </ClInclude>
    <ClInclude Include="src\MGameStorage.h">
      <Filter>src</Filter>
    </ClInclude>
    <ClInclude Include="src\MResourceCtrl.h">
      <Filter>src</Filter>
    </ClInclude>
    <ClInclude Include="src\SmartPointer.h">
      <Filter>src</Filter>
    </ClInclude>
    <ClInclude Include="src\BeCollider.h">
      <Filter>src</Filter>
    </ClInclude>
    <ClInclude Include="src\BeHitEvent.h">
      <Filter>src</Filter>
    </ClInclude>
    <ClInclude Include="src\BeInputKey.h">
      <Filter>src</Filter>
    </ClInclude>
    <ClInclude Include="src\BeMove.h">
      <Filter>src</Filter>
    </ClInclude>
    <ClInclude Include="src\BeRender.h">
      <Filter>src</Filter>
    </ClInclude>
    <ClInclude Include="src\BeRotateAnim.h">
      <Filter>src</Filter>
    </ClInclude>
    <ClInclude Include="src\BeTranslateAnim.h">
      <Filter>src</Filter>
    </ClInclude>
    <ClInclude Include="src\BeTween.h">
      <Filter>src</Filter>
    </ClInclude>
    <ClInclude Include="src\CopterFactory.h">
      <Filter>src</Filter>
    </ClInclude>
    <ClInclude Include="src\EnBounds.h">
      <Filter>src</Filter>
    </ClInclude>
    <ClInclude Include="src\EnCollision.h">
      <Filter>src</Filter>
    </ClInclude>
    <ClInclude Include="src\EnFlags.h">
      <Filter>src</Filter>
    </ClInclude>
    <ClInclude Include="src\EnInputAct.h">
      <Filter>src</Filter>
    </ClInclude>
    <ClInclude Include="src\EnPair.h">
      <Filter>src</Filter>
    </ClInclude>
    <ClInclude Include="src\EnPolygon.h">
      <Filter>src</Filter>
    </ClInclude>
    <ClInclude Include="src\EnTransform.h">
      <Filter>src</Filter>
    </ClInclude>
    <ClInclude Include="src\Enums.h">
      <Filter>src</Filter>
    </ClInclude>
    <ClInclude Include="src\GAttr.h">
      <Filter>src</Filter>
    </ClInclude>
    <ClInclude Include="src\GBehavior.h">
      <Filter>src</Filter>
    </ClInclude>
    <ClInclude Include="src\ofxSpriteSheetRenderer.h">
      <Filter>src</Filter>
    </ClInclude>
    <ClInclude Include="src\LinearTexture.h">
      <Filter>src</Filter>
    </ClInclude>
    <ClInclude Include="src\PixelTexture.h">
      <Filter>src</Filter>
    </ClInclude>
    <ClInclude Include="src\CollageTexture.h">
      <Filter>src</Filter>
    </ClInclude>
    <ClInclude Include="src\ofAndroidApp.h">
      <Filter>src</Filter>
    </ClInclude>
    <ClInclude Include="src\CopterSceneManager.h">
      <Filter>src</Filter>
    </ClInclude>
    <ClInclude Include="src\CopterCanon.h">
      <Filter>src</Filter>
    </ClInclude>
    <ClInclude Include="src\CopterBullet.h">
      <Filter>src</Filter>
    </ClInclude>
    <ClInclude Include="src\CopterHelicopter.h">
      <Filter>src</Filter>
    </ClInclude>
    <ClInclude Include="src\CopterCollisionMgr.h">
      <Filter>src</Filter>
    </ClInclude>
    <ClInclude Include="src\BeTempRender.h">
      <Filter>src</Filter>
    </ClInclude>
    <ClInclude Include="src\BeDelayRemove.h">
      <Filter>src</Filter>
    </ClInclude>
    <ClInclude Include="src\CopterHeliMgr.h">
      <Filter>src</Filter>
    </ClInclude>
    <ClInclude Include="src\CopterPara.h">
      <Filter>src</Filter>
    </ClInclude>
  </ItemGroup>
  <ItemGroup>
    <ResourceCompile Include="icon.rc" />
  </ItemGroup>
</Project>